
Microsoft Visual Studio Solution File, Format Version 12.00
# Visual Studio Version 16
VisualStudioVersion = 16.0.30309.148
MinimumVisualStudioVersion = 10.0.40219.1
Project("{8BC9CEB8-8B4A-11D0-8D11-00A0C91BC942}") = "stepik", "stepik\stepik.vcxproj", "{ADD051C6-1563-4851-A43A-4E800534AF8A}"
EndProject
Global
	GlobalSection(SolutionConfigurationPlatforms) = preSolution
		Debug|x64 = Debug|x64
		Debug|x86 = Debug|x86
		Release|x64 = Release|x64
		Release|x86 = Release|x86
	EndGlobalSection
	GlobalSection(ProjectConfigurationPlatforms) = postSolution
		{ADD051C6-1563-4851-A43A-4E800534AF8A}.Debug|x64.ActiveCfg = Debug|x64
		{ADD051C6-1563-4851-A43A-4E800534AF8A}.Debug|x64.Build.0 = Debug|x64
		{ADD051C6-1563-4851-A43A-4E800534AF8A}.Debug|x86.ActiveCfg = Debug|Win32
		{ADD051C6-1563-4851-A43A-4E800534AF8A}.Debug|x86.Build.0 = Debug|Win32
		{ADD051C6-1563-4851-A43A-4E800534AF8A}.Release|x64.ActiveCfg = Release|x64
		{ADD051C6-1563-4851-A43A-4E800534AF8A}.Release|x64.Build.0 = Release|x64
		{ADD051C6-1563-4851-A43A-4E800534AF8A}.Release|x86.ActiveCfg = Release|Win32
		{ADD051C6-1563-4851-A43A-4E800534AF8A}.Release|x86.Build.0 = Release|Win32
	EndGlobalSection
	GlobalSection(SolutionProperties) = preSolution
		HideSolutionNode = FALSE
	EndGlobalSection
	GlobalSection(ExtensibilityGlobals) = postSolution
		SolutionGuid = {71B501F9-DDB6-4AE5-9A64-843C44081500}
	EndGlobalSection
EndGlobal
